
Microsoft Visual Studio Solution File, Format Version 12.00
# Visual Studio Version 17
VisualStudioVersion = 17.13.35825.156
MinimumVisualStudioVersion = 10.0.40219.1
Project("{FAE04EC0-301F-11D3-BF4B-00C04F79EFBC}") = "SolarSystem", "SolarSystem\SolarSystem.csproj", "{BE8FE02D-7DF5-4F85-9F45-6F328FF77987}"
EndProject
Project("{FAE04EC0-301F-11D3-BF4B-00C04F79EFBC}") = "SolarSystemForm", "..\SolarSystemForm\SolarSystemForm.csproj", "{6B620A23-B981-40A5-AE1A-FE6D5340D5AB}"
EndProject
Global
	GlobalSection(SolutionConfigurationPlatforms) = preSolution
		Debug|Any CPU = Debug|Any CPU
		Release|Any CPU = Release|Any CPU
	EndGlobalSection
	GlobalSection(ProjectConfigurationPlatforms) = postSolution
		{BE8FE02D-7DF5-4F85-9F45-6F328FF77987}.Debug|Any CPU.ActiveCfg = Debug|Any CPU
		{BE8FE02D-7DF5-4F85-9F45-6F328FF77987}.Debug|Any CPU.Build.0 = Debug|Any CPU
		{BE8FE02D-7DF5-4F85-9F45-6F328FF77987}.Release|Any CPU.ActiveCfg = Release|Any CPU
		{BE8FE02D-7DF5-4F85-9F45-6F328FF77987}.Release|Any CPU.Build.0 = Release|Any CPU
		{6B620A23-B981-40A5-AE1A-FE6D5340D5AB}.Debug|Any CPU.ActiveCfg = Debug|Any CPU
		{6B620A23-B981-40A5-AE1A-FE6D5340D5AB}.Debug|Any CPU.Build.0 = Debug|Any CPU
		{6B620A23-B981-40A5-AE1A-FE6D5340D5AB}.Release|Any CPU.ActiveCfg = Release|Any CPU
		{6B620A23-B981-40A5-AE1A-FE6D5340D5AB}.Release|Any CPU.Build.0 = Release|Any CPU
	EndGlobalSection
	GlobalSection(SolutionProperties) = preSolution
		HideSolutionNode = FALSE
	EndGlobalSection
	GlobalSection(ExtensibilityGlobals) = postSolution
		SolutionGuid = {80260655-B97B-45B3-9684-6A7746F39FC8}
	EndGlobalSection
EndGlobal
